Microsoft Visual Studio Solution File, Format Version 12.00
# Visual Studio Version 17
Project("{9A19103F-16F7-4668-BE54-9A1E7A4F7556}") = "TtsUtil.Core", "src\TtsUtil.Core\TtsUtil.Core.csproj", "{6B1E3A21-0F4C-4F3B-9E5A-1A2B3C4D5E01}"
EndProject
Project("{9A19103F-16F7-4668-BE54-9A1E7A4F7556}") = "TtsUtil.App", "src\TtsUtil.App\TtsUtil.App.csproj", "{6B1E3A21-0F4C-4F3B-9E5A-1A2B3C4D5E02}"
EndProject
Project("{9A19103F-16F7-4668-BE54-9A1E7A4F7556}") = "TtsUtil.Core.Tests", "tests\TtsUtil.Core.Tests\TtsUtil.Core.Tests.csproj", "{6B1E3A21-0F4C-4F3B-9E5A-1A2B3C4D5E03}"
EndProject
Project("{2150E333-8FDC-42A3-9474-1A3956D46DE8}") = "tests", "tests", "{05A4E6E4-4573-4B54-B82D-373D02F90ECA}"
EndProject
Project("{FAE04EC0-301F-11D3-BF4B-00C04F79EFBC}") = "TtsUtil.App.Tests", "tests\TtsUtil.App.Tests\TtsUtil.App.Tests.csproj", "{385257B0-4C6D-461A-B05C-B3084B3951D6}"
EndProject
Global
	GlobalSection(SolutionConfigurationPlatforms) = preSolution
		Debug|Any CPU = Debug|Any CPU
		Release|Any CPU = Release|Any CPU
	EndGlobalSection
	GlobalSection(ProjectConfigurationPlatforms) = postSolution
		{6B1E3A21-0F4C-4F3B-9E5A-1A2B3C4D5E01}.Debug|Any CPU.ActiveCfg = Debug|Any CPU
		{6B1E3A21-0F4C-4F3B-9E5A-1A2B3C4D5E01}.Debug|Any CPU.Build.0 = Debug|Any CPU
		{6B1E3A21-0F4C-4F3B-9E5A-1A2B3C4D5E01}.Release|Any CPU.ActiveCfg = Release|Any CPU
		{6B1E3A21-0F4C-4F3B-9E5A-1A2B3C4D5E01}.Release|Any CPU.Build.0 = Release|Any CPU
		{6B1E3A21-0F4C-4F3B-9E5A-1A2B3C4D5E02}.Debug|Any CPU.ActiveCfg = Debug|Any CPU
		{6B1E3A21-0F4C-4F3B-9E5A-1A2B3C4D5E02}.Debug|Any CPU.Build.0 = Debug|Any CPU
		{6B1E3A21-0F4C-4F3B-9E5A-1A2B3C4D5E02}.Release|Any CPU.ActiveCfg = Release|Any CPU
		{6B1E3A21-0F4C-4F3B-9E5A-1A2B3C4D5E02}.Release|Any CPU.Build.0 = Release|Any CPU
		{6B1E3A21-0F4C-4F3B-9E5A-1A2B3C4D5E03}.Debug|Any CPU.ActiveCfg = Debug|Any CPU
		{6B1E3A21-0F4C-4F3B-9E5A-1A2B3C4D5E03}.Debug|Any CPU.Build.0 = Debug|Any CPU
		{6B1E3A21-0F4C-4F3B-9E5A-1A2B3C4D5E03}.Release|Any CPU.ActiveCfg = Release|Any CPU
		{6B1E3A21-0F4C-4F3B-9E5A-1A2B3C4D5E03}.Release|Any CPU.Build.0 = Release|Any CPU
		{385257B0-4C6D-461A-B05C-B3084B3951D6}.Debug|Any CPU.ActiveCfg = Debug|Any CPU
		{385257B0-4C6D-461A-B05C-B3084B3951D6}.Debug|Any CPU.Build.0 = Debug|Any CPU
		{385257B0-4C6D-461A-B05C-B3084B3951D6}.Release|Any CPU.ActiveCfg = Release|Any CPU
		{385257B0-4C6D-461A-B05C-B3084B3951D6}.Release|Any CPU.Build.0 = Release|Any CPU
	EndGlobalSection
	GlobalSection(NestedProjects) = preSolution
		{385257B0-4C6D-461A-B05C-B3084B3951D6} = {05A4E6E4-4573-4B54-B82D-373D02F90ECA}
	EndGlobalSection
EndGlobal
